{
    "_readme": [
        "This file locks the dependencies of your project to a known state",
        "Read more about it at https://getcomposer.org/doc/01-basic-usage.md#composer-lock-the-lock-file",
        "This file is @generated automatically"
    ],
    "hash": "a52b53e5f3ce967f4b4c8bd1e55993f3",
    "content-hash": "9430b7dea73844b7adb19dffe4822334",
    "packages": [
        {
            "name": "jpkleemans/htaccess-firewall",
            "version": "dev-master",
            "source": {
                "type": "git",
                "url": "https://github.com/jpkleemans/htaccess-firewall.git",
                "reference": "a71ff08ed8d2e722a37a48f876159bd0a992929c"
            },
            "dist": {
                "type": "zip",
                "url": "https://api.github.com/repos/jpkleemans/htaccess-firewall/zipball/a71ff08ed8d2e722a37a48f876159bd0a992929c",
                "reference": "a71ff08ed8d2e722a37a48f876159bd0a992929c",
                "shasum": ""
            },
            "require": {
                "php": ">=5.3.0"
            },
            "require-dev": {
                "mikey179/vfsstream": "^1.6",
                "phpspec/phpspec": "^2.4"
            },
            "type": "library",
            "autoload": {
                "psr-4": {
                    "HtaccessFirewall\\": "src"
                }
            },
            "notification-url": "https://packagist.org/downloads/",
            "license": [
                "MIT"
            ],
            "authors": [
                {
                    "name": "Jan-Paul Kleemans",
                    "email": "jpkleemans@gmail.com"
                }
            ],
            "description": "Simple access control using Htaccess",
            "homepage": "https://github.com/jpkleemans/htaccess-firewall",
            "keywords": [
                "access",
                "blacklist",
                "block",
                "deny",
                "firewall",
                "htaccess"
            ],
            "time": "2017-03-22 08:40:27"
        },
        {
            "name": "pimple/pimple",
            "version": "v3.0.2",
            "source": {
                "type": "git",
                "url": "https://github.com/silexphp/Pimple.git",
                "reference": "a30f7d6e57565a2e1a316e1baf2a483f788b258a"
            },
            "dist": {
                "type": "zip",
                "url": "https://api.github.com/repos/silexphp/Pimple/zipball/a30f7d6e57565a2e1a316e1baf2a483f788b258a",
                "reference": "a30f7d6e57565a2e1a316e1baf2a483f788b258a",
                "shasum": ""
            },
            "require": {
                "php": ">=5.3.0"
            },
            "type": "library",
            "extra": {
                "branch-alias": {
                    "dev-master": "3.0.x-dev"
                }
            },
            "autoload": {
                "psr-0": {
                    "Pimple": "src/"
                }
            },
            "notification-url": "https://packagist.org/downloads/",
            "license": [
                "MIT"
            ],
            "authors": [
                {
                    "name": "Fabien Potencier",
                    "email": "fabien@symfony.com"
                }
            ],
            "description": "Pimple, a simple Dependency Injection Container",
            "homepage": "http://pimple.sensiolabs.org",
            "keywords": [
                "container",
                "dependency injection"
            ],
            "time": "2015-09-11 15:10:35"
        },
        {
            "name": "vectorface/whip",
            "version": "v0.3.1",
            "source": {
                "type": "git",
                "url": "https://github.com/Vectorface/whip.git",
                "reference": "65e2e04f954c5f97d7d0658e82c31062fe4cb96f"
            },
            "dist": {
                "type": "zip",
                "url": "https://api.github.com/repos/Vectorface/whip/zipball/65e2e04f954c5f97d7d0658e82c31062fe4cb96f",
                "reference": "65e2e04f954c5f97d7d0658e82c31062fe4cb96f",
                "shasum": ""
            },
            "require": {
                "php": ">=5.3.0"
            },
            "require-dev": {
                "phpunit/phpunit": "~4.0",
                "psr/http-message": "~1.0",
                "squizlabs/php_codesniffer": "~2.0",
                "vectorface/dunit": "~2.0"
            },
            "type": "library",
            "autoload": {
                "psr-4": {
                    "Vectorface\\Whip\\": "./src",
                    "VectorFace\\Whip\\": "./src",
                    "Vectorface\\WhipTests\\": "./tests"
                }
            },
            "notification-url": "https://packagist.org/downloads/",
            "license": [
                "MIT"
            ],
            "authors": [
                {
                    "name": "Daniel Bruce",
                    "email": "dbruce@vectorface.com",
                    "role": "Developer"
                },
                {
                    "name": "Cory Darby",
                    "email": "ckdarby@vectorface.com",
                    "role": "Developer"
                }
            ],
            "description": "A PHP class for retrieving accurate IP address information for the client.",
            "homepage": "https://github.com/Vectorface/whip",
            "keywords": [
                "IP",
                "cdn",
                "cloudflare"
            ],
            "time": "2016-01-27 17:25:06"
        }
    ],
    "packages-dev": [],
    "aliases": [],
    "minimum-stability": "stable",
    "stability-flags": {
        "jpkleemans/htaccess-firewall": 20
    },
    "prefer-stable": false,
    "prefer-lowest": false,
    "platform": [],
    "platform-dev": []
}
