{
    "_readme": [
        "This file locks the dependencies of your project to a known state",
        "Read more about it at https://getcomposer.org/doc/01-basic-usage.md#composer-lock-the-lock-file",
        "This file is @generated automatically"
    ],
    "hash": "f4a561972791de3f2f388640c86279d2",
    "content-hash": "93948df4f47e16e6b2fdb2ac0889d682",
    "packages": [
        {
            "name": "jpkleemans/htaccess-firewall",
            "version": "dev-master",
            "source": {
                "type": "git",
                "url": "https://github.com/jpkleemans/htaccess-firewall.git",
                "reference": "4fad5d79ca3daec3526365dfe9b68fbddad2a41a"
            },
            "dist": {
                "type": "zip",
                "url": "https://api.github.com/repos/jpkleemans/htaccess-firewall/zipball/4fad5d79ca3daec3526365dfe9b68fbddad2a41a",
                "reference": "4fad5d79ca3daec3526365dfe9b68fbddad2a41a",
                "shasum": ""
            },
            "require": {
                "php": ">=5.3.0"
            },
            "require-dev": {
                "mikey179/vfsstream": "^1.6",
                "phpspec/phpspec": "^2.4"
            },
            "type": "library",
            "autoload": {
                "psr-4": {
                    "HtaccessFirewall\\": "src"
                }
            },
            "notification-url": "https://packagist.org/downloads/",
            "license": [
                "MIT"
            ],
            "authors": [
                {
                    "name": "Jan-Paul Kleemans",
                    "email": "jpkleemans@gmail.com"
                }
            ],
            "description": "Simple access control using Htaccess",
            "homepage": "https://github.com/jpkleemans/htaccess-firewall",
            "keywords": [
                "access",
                "blacklist",
                "block",
                "deny",
                "firewall",
                "htaccess"
            ],
            "time": "2017-03-22 17:22:04"
        }
    ],
    "packages-dev": [],
    "aliases": [],
    "minimum-stability": "stable",
    "stability-flags": {
        "jpkleemans/htaccess-firewall": 20
    },
    "prefer-stable": false,
    "prefer-lowest": false,
    "platform": [],
    "platform-dev": []
}
